
Microsoft Visual Studio Solution File, Format Version 12.00
# Visual Studio Version 16
VisualStudioVersion = 16.0.30711.63
MinimumVisualStudioVersion = 10.0.40219.1
Project("{9A19103F-16F7-4668-BE54-9A1E7A4F7556}") = "MasterGraph", "test\MasterGraph.csproj", "{D7FE8A04-A342-432B-A0DD-284F346D087B}"
EndProject
Global
	GlobalSection(SolutionConfigurationPlatforms) = preSolution
		Debug|Any CPU = Debug|Any CPU
		Release|Any CPU = Release|Any CPU
	EndGlobalSection
	GlobalSection(ProjectConfigurationPlatforms) = postSolution
		{D7FE8A04-A342-432B-A0DD-284F346D087B}.Debug|Any CPU.ActiveCfg = Debug|Any CPU
		{D7FE8A04-A342-432B-A0DD-284F346D087B}.Debug|Any CPU.Build.0 = Debug|Any CPU
		{D7FE8A04-A342-432B-A0DD-284F346D087B}.Release|Any CPU.ActiveCfg = Release|Any CPU
		{D7FE8A04-A342-432B-A0DD-284F346D087B}.Release|Any CPU.Build.0 = Release|Any CPU
	EndGlobalSection
	GlobalSection(SolutionProperties) = preSolution
		HideSolutionNode = FALSE
	EndGlobalSection
	GlobalSection(ExtensibilityGlobals) = postSolution
		SolutionGuid = {7E339286-8391-47D2-888D-A49C2D204558}
	EndGlobalSection
EndGlobal
